
Microsoft Visual Studio Solution File, Format Version 12.00
# Visual Studio Version 16
VisualStudioVersion = 16.0.29613.14
MinimumVisualStudioVersion = 10.0.40219.1
Project("{9A19103F-16F7-4668-BE54-9A1E7A4F7556}") = "feature-toggles", "feature-toggles.csproj", "{0EDB0E61-696C-4626-B0AC-4EAE41037570}"
EndProject
Global
	GlobalSection(SolutionConfigurationPlatforms) = preSolution
		Debug|Any CPU = Debug|Any CPU
		Release|Any CPU = Release|Any CPU
	EndGlobalSection
	GlobalSection(ProjectConfigurationPlatforms) = postSolution
		{0EDB0E61-696C-4626-B0AC-4EAE41037570}.Debug|Any CPU.ActiveCfg = Debug|Any CPU
		{0EDB0E61-696C-4626-B0AC-4EAE41037570}.Debug|Any CPU.Build.0 = Debug|Any CPU
		{0EDB0E61-696C-4626-B0AC-4EAE41037570}.Release|Any CPU.ActiveCfg = Release|Any CPU
		{0EDB0E61-696C-4626-B0AC-4EAE41037570}.Release|Any CPU.Build.0 = Release|Any CPU
	EndGlobalSection
	GlobalSection(SolutionProperties) = preSolution
		HideSolutionNode = FALSE
	EndGlobalSection
	GlobalSection(ExtensibilityGlobals) = postSolution
		SolutionGuid = {4FD6DFBA-7CD2-4613-AA3A-A376825E5CD7}
	EndGlobalSection
EndGlobal
