
Microsoft Visual Studio Solution File, Format Version 12.00
# Visual Studio Version 16
VisualStudioVersion = 16.0.29326.143
MinimumVisualStudioVersion = 10.0.40219.1
Project("{9A19103F-16F7-4668-BE54-9A1E7A4F7556}") = "dependency-injection", "dependency-injection.csproj", "{FF17CFBA-BDE1-4300-A6B0-1D3A1EF93223}"
EndProject
Global
	GlobalSection(SolutionConfigurationPlatforms) = preSolution
		Debug|Any CPU = Debug|Any CPU
		Release|Any CPU = Release|Any CPU
	EndGlobalSection
	GlobalSection(ProjectConfigurationPlatforms) = postSolution
		{FF17CFBA-BDE1-4300-A6B0-1D3A1EF93223}.Debug|Any CPU.ActiveCfg = Debug|Any CPU
		{FF17CFBA-BDE1-4300-A6B0-1D3A1EF93223}.Debug|Any CPU.Build.0 = Debug|Any CPU
		{FF17CFBA-BDE1-4300-A6B0-1D3A1EF93223}.Release|Any CPU.ActiveCfg = Release|Any CPU
		{FF17CFBA-BDE1-4300-A6B0-1D3A1EF93223}.Release|Any CPU.Build.0 = Release|Any CPU
	EndGlobalSection
	GlobalSection(SolutionProperties) = preSolution
		HideSolutionNode = FALSE
	EndGlobalSection
	GlobalSection(ExtensibilityGlobals) = postSolution
		SolutionGuid = {5F0C1FA8-D677-481A-9646-B9EA72CDBEE0}
	EndGlobalSection
EndGlobal
