
Microsoft Visual Studio Solution File, Format Version 12.00
# Visual Studio Version 16
VisualStudioVersion = 16.0.29709.97
MinimumVisualStudioVersion = 10.0.40219.1
Project("{9A19103F-16F7-4668-BE54-9A1E7A4F7556}") = "interception", "interception.csproj", "{FCB3770A-F2CD-469E-A2AE-70D19C2523C4}"
EndProject
Global
	GlobalSection(SolutionConfigurationPlatforms) = preSolution
		Debug|Any CPU = Debug|Any CPU
		Release|Any CPU = Release|Any CPU
	EndGlobalSection
	GlobalSection(ProjectConfigurationPlatforms) = postSolution
		{FCB3770A-F2CD-469E-A2AE-70D19C2523C4}.Debug|Any CPU.ActiveCfg = Debug|Any CPU
		{FCB3770A-F2CD-469E-A2AE-70D19C2523C4}.Debug|Any CPU.Build.0 = Debug|Any CPU
		{FCB3770A-F2CD-469E-A2AE-70D19C2523C4}.Release|Any CPU.ActiveCfg = Release|Any CPU
		{FCB3770A-F2CD-469E-A2AE-70D19C2523C4}.Release|Any CPU.Build.0 = Release|Any CPU
	EndGlobalSection
	GlobalSection(SolutionProperties) = preSolution
		HideSolutionNode = FALSE
	EndGlobalSection
	GlobalSection(ExtensibilityGlobals) = postSolution
		SolutionGuid = {427BF0CD-536A-470B-B4EB-5649D20B632F}
	EndGlobalSection
EndGlobal
